{
    "hash": "e1b04848a05b6afd2170464d5bd3c8b3",
    "packages": [
        {
            "package": "ezyang/htmlpurifier",
            "version": "v4.4.0.1"
        },
        {
            "package": "symfony/console",
            "version": "2.0.x-dev",
            "source-reference": "v2.0.15"
        }
    ],
    "packages-dev": null,
    "aliases": [

    ],
    "minimum-stability": "dev",
    "stability-flags": [

    ]
}
